// !$*UTF8*$!
{
	archiveVersion = 1;
	classes = {
	};
	objectVersion = 46;
	objects = {

/* Begin PBXBuildFile section */
		498AF53A1B1BC60F0012DB39 /* ICSWriter.swift in Sources */ = {isa = PBXBuildFile; fileRef = 498AF5391B1BC60F0012DB39 /* ICSWriter.swift */; };
		498AF53C1B1BCD190012DB39 /* File.swift in Sources */ = {isa = PBXBuildFile; fileRef = 498AF53B1B1BCD190012DB39 /* File.swift */; };
		49C21DF51B1B505B00F18BC1 /* AppDelegate.swift in Sources */ = {isa = PBXBuildFile; fileRef = 49C21DF41B1B505B00F18BC1 /* AppDelegate.swift */; };
		49C21DF71B1B505B00F18BC1 /* ViewController.swift in Sources */ = {isa = PBXBuildFile; fileRef = 49C21DF61B1B505B00F18BC1 /* ViewController.swift */; };
		49C21DFA1B1B505B00F18BC1 /* Main.storyboard in Resources */ = {isa = PBXBuildFile; fileRef = 49C21DF81B1B505B00F18BC1 /* Main.storyboard */; };
		49C21DFC1B1B505B00F18BC1 /* Images.xcassets in Resources */ = {isa = PBXBuildFile; fileRef = 49C21DFB1B1B505B00F18BC1 /* Images.xcassets */; };
		49C21DFF1B1B505B00F18BC1 /* LaunchScreen.xib in Resources */ = {isa = PBXBuildFile; fileRef = 49C21DFD1B1B505B00F18BC1 /* LaunchScreen.xib */; };
		49C21E0B1B1B505B00F18BC1 /* ICS_WriterTests.swift in Sources */ = {isa = PBXBuildFile; fileRef = 49C21E0A1B1B505B00F18BC1 /* ICS_WriterTests.swift */; };
/* End PBXBuildFile section */

/* Begin PBXContainerItemProxy section */
		49C21E051B1B505B00F18BC1 /* PBXContainerItemProxy */ = {
			isa = PBXContainerItemProxy;
			containerPortal = 49C21DE71B1B505B00F18BC1 /* Project object */;
			proxyType = 1;
			remoteGlobalIDString = 49C21DEE1B1B505B00F18BC1;
			remoteInfo = "ICS Writer";
		};
/* End PBXContainerItemProxy section */

/* Begin PBXFileReference section */
		498AF5391B1BC60F0012DB39 /* ICSWriter.swift */ = {isa = PBXFileReference; fileEncoding = 4; lastKnownFileType = sourcecode.swift; path = ICSWriter.swift; sourceTree = "<group>"; };
		498AF53B1B1BCD190012DB39 /* File.swift */ = {isa = PBXFileReference; fileEncoding = 4; lastKnownFileType = sourcecode.swift; path = File.swift; sourceTree = "<group>"; };
		49C21DEF1B1B505B00F18BC1 /* ICS Writer.app */ = {isa = PBXFileReference; explicitFileType = wrapper.application; includeInIndex = 0; path = "ICS Writer.app"; sourceTree = BUILT_PRODUCTS_DIR; };
		49C21DF31B1B505B00F18BC1 /* Info.plist */ = {isa = PBXFileReference; lastKnownFileType = text.plist.xml; path = Info.plist; sourceTree = "<group>"; };
		49C21DF41B1B505B00F18BC1 /* AppDelegate.swift */ = {isa = PBXFileReference; lastKnownFileType = sourcecode.swift; path = AppDelegate.swift; sourceTree = "<group>"; };
		49C21DF61B1B505B00F18BC1 /* ViewController.swift */ = {isa = PBXFileReference; lastKnownFileType = sourcecode.swift; path = ViewController.swift; sourceTree = "<group>"; };
		49C21DF91B1B505B00F18BC1 /* Base */ = {isa = PBXFileReference; lastKnownFileType = file.storyboard; name = Base; path = Base.lproj/Main.storyboard; sourceTree = "<group>"; };
		49C21DFB1B1B505B00F18BC1 /* Images.xcassets */ = {isa = PBXFileReference; lastKnownFileType = folder.assetcatalog; path = Images.xcassets; sourceTree = "<group>"; };
		49C21DFE1B1B505B00F18BC1 /* Base */ = {isa = PBXFileReference; lastKnownFileType = file.xib; name = Base; path = Base.lproj/LaunchScreen.xib; sourceTree = "<group>"; };
		49C21E041B1B505B00F18BC1 /* ICS WriterTests.xctest */ = {isa = PBXFileReference; explicitFileType = wrapper.cfbundle; includeInIndex = 0; path = "ICS WriterTests.xctest"; sourceTree = BUILT_PRODUCTS_DIR; };
		49C21E091B1B505B00F18BC1 /* Info.plist */ = {isa = PBXFileReference; lastKnownFileType = text.plist.xml; path = Info.plist; sourceTree = "<group>"; };
		49C21E0A1B1B505B00F18BC1 /* ICS_WriterTests.swift */ = {isa = PBXFileReference; lastKnownFileType = sourcecode.swift; path = ICS_WriterTests.swift; sourceTree = "<group>"; };
/* End PBXFileReference section */

/* Begin PBXFrameworksBuildPhase section */
		49C21DEC1B1B505B00F18BC1 /* Frameworks */ = {
			isa = PBXFrameworksBuildPhase;
			buildActionMask = 2147483647;
			files = (
			);
			runOnlyForDeploymentPostprocessing = 0;
		};
		49C21E011B1B505B00F18BC1 /* Frameworks */ = {
			isa = PBXFrameworksBuildPhase;
			buildActionMask = 2147483647;
			files = (
			);
			runOnlyForDeploymentPostprocessing = 0;
		};
/* End PBXFrameworksBuildPhase section */

/* Begin PBXGroup section */
		49C21DE61B1B505B00F18BC1 = {
			isa = PBXGroup;
			children = (
				49C21DF11B1B505B00F18BC1 /* ICS Writer */,
				49C21E071B1B505B00F18BC1 /* ICS WriterTests */,
				49C21DF01B1B505B00F18BC1 /* Products */,
			);
			sourceTree = "<group>";
		};
		49C21DF01B1B505B00F18BC1 /* Products */ = {
			isa = PBXGroup;
			children = (
				49C21DEF1B1B505B00F18BC1 /* ICS Writer.app */,
				49C21E041B1B505B00F18BC1 /* ICS WriterTests.xctest */,
			);
			name = Products;
			sourceTree = "<group>";
		};
		49C21DF11B1B505B00F18BC1 /* ICS Writer */ = {
			isa = PBXGroup;
			children = (
				49C21DF41B1B505B00F18BC1 /* AppDelegate.swift */,
				49C21DF61B1B505B00F18BC1 /* ViewController.swift */,
				498AF53B1B1BCD190012DB39 /* File.swift */,
				498AF5391B1BC60F0012DB39 /* ICSWriter.swift */,
				49C21DF81B1B505B00F18BC1 /* Main.storyboard */,
				49C21DFB1B1B505B00F18BC1 /* Images.xcassets */,
				49C21DFD1B1B505B00F18BC1 /* LaunchScreen.xib */,
				49C21DF21B1B505B00F18BC1 /* Supporting Files */,
			);
			path = "ICS Writer";
			sourceTree = "<group>";
		};
		49C21DF21B1B505B00F18BC1 /* Supporting Files */ = {
			isa = PBXGroup;
			children = (
				49C21DF31B1B505B00F18BC1 /* Info.plist */,
			);
			name = "Supporting Files";
			sourceTree = "<group>";
		};
		49C21E071B1B505B00F18BC1 /* ICS WriterTests */ = {
			isa = PBXGroup;
			children = (
				49C21E0A1B1B505B00F18BC1 /* ICS_WriterTests.swift */,
				49C21E081B1B505B00F18BC1 /* Supporting Files */,
			);
			path = "ICS WriterTests";
			sourceTree = "<group>";
		};
		49C21E081B1B505B00F18BC1 /* Supporting Files */ = {
			isa = PBXGroup;
			children = (
				49C21E091B1B505B00F18BC1 /* Info.plist */,
			);
			name = "Supporting Files";
			sourceTree = "<group>";
		};
/* End PBXGroup section */

/* Begin PBXNativeTarget section */
		49C21DEE1B1B505B00F18BC1 /* ICS Writer */ = {
			isa = PBXNativeTarget;
			buildConfigurationList = 49C21E0E1B1B505B00F18BC1 /* Build configuration list for PBXNativeTarget "ICS Writer" */;
			buildPhases = (
				49C21DEB1B1B505B00F18BC1 /* Sources */,
				49C21DEC1B1B505B00F18BC1 /* Frameworks */,
				49C21DED1B1B505B00F18BC1 /* Resources */,
			);
			buildRules = (
			);
			dependencies = (
			);
			name = "ICS Writer";
			productName = "ICS Writer";
			productReference = 49C21DEF1B1B505B00F18BC1 /* ICS Writer.app */;
			productType = "com.apple.product-type.application";
		};
		49C21E031B1B505B00F18BC1 /* ICS WriterTests */ = {
			isa = PBXNativeTarget;
			buildConfigurationList = 49C21E111B1B505B00F18BC1 /* Build configuration list for PBXNativeTarget "ICS WriterTests" */;
			buildPhases = (
				49C21E001B1B505B00F18BC1 /* Sources */,
				49C21E011B1B505B00F18BC1 /* Frameworks */,
				49C21E021B1B505B00F18BC1 /* Resources */,
			);
			buildRules = (
			);
			dependencies = (
				49C21E061B1B505B00F18BC1 /* PBXTargetDependency */,
			);
			name = "ICS WriterTests";
			productName = "ICS WriterTests";
			productReference = 49C21E041B1B505B00F18BC1 /* ICS WriterTests.xctest */;
			productType = "com.apple.product-type.bundle.unit-test";
		};
/* End PBXNativeTarget section */

/* Begin PBXProject section */
		49C21DE71B1B505B00F18BC1 /* Project object */ = {
			isa = PBXProject;
			attributes = {
				LastUpgradeCheck = 0630;
				ORGANIZATIONNAME = "Eric Cauble";
				TargetAttributes = {
					49C21DEE1B1B505B00F18BC1 = {
						CreatedOnToolsVersion = 6.3.2;
					};
					49C21E031B1B505B00F18BC1 = {
						CreatedOnToolsVersion = 6.3.2;
						TestTargetID = 49C21DEE1B1B505B00F18BC1;
					};
				};
			};
			buildConfigurationList = 49C21DEA1B1B505B00F18BC1 /* Build configuration list for PBXProject "ICS Writer" */;
			compatibilityVersion = "Xcode 3.2";
			developmentRegion = English;
			hasScannedForEncodings = 0;
			knownRegions = (
				en,
				Base,
			);
			mainGroup = 49C21DE61B1B505B00F18BC1;
			productRefGroup = 49C21DF01B1B505B00F18BC1 /* Products */;
			projectDirPath = "";
			projectRoot = "";
			targets = (
				49C21DEE1B1B505B00F18BC1 /* ICS Writer */,
				49C21E031B1B505B00F18BC1 /* ICS WriterTests */,
			);
		};
/* End PBXProject section */

/* Begin PBXResourcesBuildPhase section */
		49C21DED1B1B505B00F18BC1 /* Resources */ = {
			isa = PBXResourcesBuildPhase;
			buildActionMask = 2147483647;
			files = (
				49C21DFA1B1B505B00F18BC1 /* Main.storyboard in Resources */,
				49C21DFF1B1B505B00F18BC1 /* LaunchScreen.xib in Resources */,
				49C21DFC1B1B505B00F18BC1 /* Images.xcassets in Resources */,
			);
			runOnlyForDeploymentPostprocessing = 0;
		};
		49C21E021B1B505B00F18BC1 /* Resources */ = {
			isa = PBXResourcesBuildPhase;
			buildActionMask = 2147483647;
			files = (
			);
			runOnlyForDeploymentPostprocessing = 0;
		};
/* End PBXResourcesBuildPhase section */

/* Begin PBXSourcesBuildPhase section */
		49C21DEB1B1B505B00F18BC1 /* Sources */ = {
			isa = PBXSourcesBuildPhase;
			buildActionMask = 2147483647;
			files = (
				498AF53A1B1BC60F0012DB39 /* ICSWriter.swift in Sources */,
				498AF53C1B1BCD190012DB39 /* File.swift in Sources */,
				49C21DF71B1B505B00F18BC1 /* ViewController.swift in Sources */,
				49C21DF51B1B505B00F18BC1 /* AppDelegate.swift in Sources */,
			);
			runOnlyForDeploymentPostprocessing = 0;
		};
		49C21E001B1B505B00F18BC1 /* Sources */ = {
			isa = PBXSourcesBuildPhase;
			buildActionMask = 2147483647;
			files = (
				49C21E0B1B1B505B00F18BC1 /* ICS_WriterTests.swift in Sources */,
			);
			runOnlyForDeploymentPostprocessing = 0;
		};
/* End PBXSourcesBuildPhase section */

/* Begin PBXTargetDependency section */
		49C21E061B1B505B00F18BC1 /* PBXTargetDependency */ = {
			isa = PBXTargetDependency;
			target = 49C21DEE1B1B505B00F18BC1 /* ICS Writer */;
			targetProxy = 49C21E051B1B505B00F18BC1 /* PBXContainerItemProxy */;
		};
/* End PBXTargetDependency section */

/* Begin PBXVariantGroup section */
		49C21DF81B1B505B00F18BC1 /* Main.storyboard */ = {
			isa = PBXVariantGroup;
			children = (
				49C21DF91B1B505B00F18BC1 /* Base */,
			);
			name = Main.storyboard;
			sourceTree = "<group>";
		};
		49C21DFD1B1B505B00F18BC1 /* LaunchScreen.xib */ = {
			isa = PBXVariantGroup;
			children = (
				49C21DFE1B1B505B00F18BC1 /* Base */,
			);
			name = LaunchScreen.xib;
			sourceTree = "<group>";
		};
/* End PBXVariantGroup section */

/* Begin XCBuildConfiguration section */
		49C21E0C1B1B505B00F18BC1 /* Debug */ = {
			isa = XCBuildConfiguration;
			buildSettings = {
				ALWAYS_SEARCH_USER_PATHS = NO;
				CLANG_CXX_LANGUAGE_STANDARD = "gnu++0x";
				CLANG_CXX_LIBRARY = "libc++";
				CLANG_ENABLE_MODULES = YES;
				CLANG_ENABLE_OBJC_ARC = YES;
				CLANG_WARN_BOOL_CONVERSION = YES;
				CLANG_WARN_CONSTANT_CONVERSION = YES;
				CLANG_WARN_DIRECT_OBJC_ISA_USAGE = YES_ERROR;
				CLANG_WARN_EMPTY_BODY = YES;
				CLANG_WARN_ENUM_CONVERSION = YES;
				CLANG_WARN_INT_CONVERSION = YES;
				CLANG_WARN_OBJC_ROOT_CLASS = YES_ERROR;
				CLANG_WARN_UNREACHABLE_CODE = YES;
				CLANG_WARN__DUPLICATE_METHOD_MATCH = YES;
				"CODE_SIGN_IDENTITY[sdk=iphoneos*]" = "iPhone Developer";
				COPY_PHASE_STRIP = NO;
				DEBUG_INFORMATION_FORMAT = "dwarf-with-dsym";
				ENABLE_STRICT_OBJC_MSGSEND = YES;
				GCC_C_LANGUAGE_STANDARD = gnu99;
				GCC_DYNAMIC_NO_PIC = NO;
				GCC_NO_COMMON_BLOCKS = YES;
				GCC_OPTIMIZATION_LEVEL = 0;
				GCC_PREPROCESSOR_DEFINITIONS = (
					"DEBUG=1",
					"$(inherited)",
				);
				GCC_SYMBOLS_PRIVATE_EXTERN = NO;
				GCC_WARN_64_TO_32_BIT_CONVERSION = YES;
				GCC_WARN_ABOUT_RETURN_TYPE = YES_ERROR;
				GCC_WARN_UNDECLARED_SELECTOR = YES;
				GCC_WARN_UNINITIALIZED_AUTOS = YES_AGGRESSIVE;
				GCC_WARN_UNUSED_FUNCTION = YES;
				GCC_WARN_UNUSED_VARIABLE = YES;
				IPHONEOS_DEPLOYMENT_TARGET = 8.3;
				MTL_ENABLE_DEBUG_INFO = YES;
				ONLY_ACTIVE_ARCH = YES;
				SDKROOT = iphoneos;
				SWIFT_OPTIMIZATION_LEVEL = "-Onone";
			};
			name = Debug;
		};
		49C21E0D1B1B505B00F18BC1 /* Release */ = {
			isa = XCBuildConfiguration;
			buildSettings = {
				ALWAYS_SEARCH_USER_PATHS = NO;
				CLANG_CXX_LANGUAGE_STANDARD = "gnu++0x";
				CLANG_CXX_LIBRARY = "libc++";
				CLANG_ENABLE_MODULES = YES;
				CLANG_ENABLE_OBJC_ARC = YES;
				CLANG_WARN_BOOL_CONVERSION = YES;
				CLANG_WARN_CONSTANT_CONVERSION = YES;
				CLANG_WARN_DIRECT_OBJC_ISA_USAGE = YES_ERROR;
				CLANG_WARN_EMPTY_BODY = YES;
				CLANG_WARN_ENUM_CONVERSION = YES;
				CLANG_WARN_INT_CONVERSION = YES;
				CLANG_WARN_OBJC_ROOT_CLASS = YES_ERROR;
				CLANG_WARN_UNREACHABLE_CODE = YES;
				CLANG_WARN__DUPLICATE_METHOD_MATCH = YES;
				"CODE_SIGN_IDENTITY[sdk=iphoneos*]" = "iPhone Developer";
				COPY_PHASE_STRIP = NO;
				DEBUG_INFORMATION_FORMAT = "dwarf-with-dsym";
				ENABLE_NS_ASSERTIONS = NO;
				ENABLE_STRICT_OBJC_MSGSEND = YES;
				GCC_C_LANGUAGE_STANDARD = gnu99;
				GCC_NO_COMMON_BLOCKS = YES;
				GCC_WARN_64_TO_32_BIT_CONVERSION = YES;
				GCC_WARN_ABOUT_RETURN_TYPE = YES_ERROR;
				GCC_WARN_UNDECLARED_SELECTOR = YES;
				GCC_WARN_UNINITIALIZED_AUTOS = YES_AGGRESSIVE;
				GCC_WARN_UNUSED_FUNCTION = YES;
				GCC_WARN_UNUSED_VARIABLE = YES;
				IPHONEOS_DEPLOYMENT_TARGET = 8.3;
				MTL_ENABLE_DEBUG_INFO = NO;
				SDKROOT = iphoneos;
				VALIDATE_PRODUCT = YES;
			};
			name = Release;
		};
		49C21E0F1B1B505B00F18BC1 /* Debug */ = {
			isa = XCBuildConfiguration;
			buildSettings = {
				ASSETCATALOG_COMPILER_APPICON_NAME = AppIcon;
				INFOPLIST_FILE = "ICS Writer/Info.plist";
				LD_RUNPATH_SEARCH_PATHS = "$(inherited) @executable_path/Frameworks";
				PRODUCT_NAME = "$(TARGET_NAME)";
			};
			name = Debug;
		};
		49C21E101B1B505B00F18BC1 /* Release */ = {
			isa = XCBuildConfiguration;
			buildSettings = {
				ASSETCATALOG_COMPILER_APPICON_NAME = AppIcon;
				INFOPLIST_FILE = "ICS Writer/Info.plist";
				LD_RUNPATH_SEARCH_PATHS = "$(inherited) @executable_path/Frameworks";
				PRODUCT_NAME = "$(TARGET_NAME)";
			};
			name = Release;
		};
		49C21E121B1B505B00F18BC1 /* Debug */ = {
			isa = XCBuildConfiguration;
			buildSettings = {
				BUNDLE_LOADER = "$(TEST_HOST)";
				FRAMEWORK_SEARCH_PATHS = (
					"$(SDKROOT)/Developer/Library/Frameworks",
					"$(inherited)",
				);
				GCC_PREPROCESSOR_DEFINITIONS = (
					"DEBUG=1",
					"$(inherited)",
				);
				INFOPLIST_FILE = "ICS WriterTests/Info.plist";
				LD_RUNPATH_SEARCH_PATHS = "$(inherited) @executable_path/Frameworks @loader_path/Frameworks";
				PRODUCT_NAME = "$(TARGET_NAME)";
				TEST_HOST = "$(BUILT_PRODUCTS_DIR)/ICS Writer.app/ICS Writer";
			};
			name = Debug;
		};
		49C21E131B1B505B00F18BC1 /* Release */ = {
			isa = XCBuildConfiguration;
			buildSettings = {
				BUNDLE_LOADER = "$(TEST_HOST)";
				FRAMEWORK_SEARCH_PATHS = (
					"$(SDKROOT)/Developer/Library/Frameworks",
					"$(inherited)",
				);
				INFOPLIST_FILE = "ICS WriterTests/Info.plist";
				LD_RUNPATH_SEARCH_PATHS = "$(inherited) @executable_path/Frameworks @loader_path/Frameworks";
				PRODUCT_NAME = "$(TARGET_NAME)";
				TEST_HOST = "$(BUILT_PRODUCTS_DIR)/ICS Writer.app/ICS Writer";
			};
			name = Release;
		};
/* End XCBuildConfiguration section */

/* Begin XCConfigurationList section */
		49C21DEA1B1B505B00F18BC1 /* Build configuration list for PBXProject "ICS Writer" */ = {
			isa = XCConfigurationList;
			buildConfigurations = (
				49C21E0C1B1B505B00F18BC1 /* Debug */,
				49C21E0D1B1B505B00F18BC1 /* Release */,
			);
			defaultConfigurationIsVisible = 0;
			defaultConfigurationName = Release;
		};
		49C21E0E1B1B505B00F18BC1 /* Build configuration list for PBXNativeTarget "ICS Writer" */ = {
			isa = XCConfigurationList;
			buildConfigurations = (
				49C21E0F1B1B505B00F18BC1 /* Debug */,
				49C21E101B1B505B00F18BC1 /* Release */,
			);
			defaultConfigurationIsVisible = 0;
			defaultConfigurationName = Release;
		};
		49C21E111B1B505B00F18BC1 /* Build configuration list for PBXNativeTarget "ICS WriterTests" */ = {
			isa = XCConfigurationList;
			buildConfigurations = (
				49C21E121B1B505B00F18BC1 /* Debug */,
				49C21E131B1B505B00F18BC1 /* Release */,
			);
			defaultConfigurationIsVisible = 0;
			defaultConfigurationName = Release;
		};
/* End XCConfigurationList section */
	};
	rootObject = 49C21DE71B1B505B00F18BC1 /* Project object */;
}
